
Microsoft Visual Studio Solution File, Format Version 12.00
# Visual Studio Version 17
VisualStudioVersion = 17.14.36518.9 d17.14
MinimumVisualStudioVersion = 10.0.40219.1
Project("{FAE04EC0-301F-11D3-BF4B-00C04F79EFBC}") = "YehorBahrii.TaskPlanner.Domain.Models", "YehorBahrii.TaskPlanner.Domain.Models\YehorBahrii.TaskPlanner.Domain.Models.csproj", "{62890E45-606A-4349-AEC8-EA6AF999034F}"
EndProject
Global
	GlobalSection(SolutionConfigurationPlatforms) = preSolution
		Debug|Any CPU = Debug|Any CPU
		Release|Any CPU = Release|Any CPU
	EndGlobalSection
	GlobalSection(ProjectConfigurationPlatforms) = postSolution
		{62890E45-606A-4349-AEC8-EA6AF999034F}.Debug|Any CPU.ActiveCfg = Debug|Any CPU
		{62890E45-606A-4349-AEC8-EA6AF999034F}.Debug|Any CPU.Build.0 = Debug|Any CPU
		{62890E45-606A-4349-AEC8-EA6AF999034F}.Release|Any CPU.ActiveCfg = Release|Any CPU
		{62890E45-606A-4349-AEC8-EA6AF999034F}.Release|Any CPU.Build.0 = Release|Any CPU
	EndGlobalSection
	GlobalSection(SolutionProperties) = preSolution
		HideSolutionNode = FALSE
	EndGlobalSection
	GlobalSection(ExtensibilityGlobals) = postSolution
		SolutionGuid = {9B2798AA-B00A-4C4C-B4FB-E2D3A76D76DC}
	EndGlobalSection
EndGlobal
