
Microsoft Visual Studio Solution File, Format Version 12.00
# Visual Studio Version 17
VisualStudioVersion = 17.14.36717.8 d17.14
MinimumVisualStudioVersion = 10.0.40219.1
Project("{FAE04EC0-301F-11D3-BF4B-00C04F79EFBC}") = "YehorBahrii.TaskPlanner.Domain.Logic.Tests", "YehorBahrii.TaskPlanner.Domain.Logic.Tests.csproj", "{852F749B-5897-4662-B9B5-B0AC14874F14}"
EndProject
Project("{FAE04EC0-301F-11D3-BF4B-00C04F79EFBC}") = "YehorBahrii.TaskPlanner.DataAccess", "..\YehorBahrii.TaskPlanner.DataAccess\YehorBahrii.TaskPlanner.DataAccess.csproj", "{3EBC1E76-A998-12B7-699C-5468B387DE04}"
EndProject
Project("{FAE04EC0-301F-11D3-BF4B-00C04F79EFBC}") = "YehorBahrii.TaskPlanner.Domain.Models", "..\YehorBahrii.TaskPlanner.Domain.Models\YehorBahrii.TaskPlanner.Domain.Models.csproj", "{21D48003-6D65-985F-7C94-5DB802D7F78E}"
EndProject
Project("{FAE04EC0-301F-11D3-BF4B-00C04F79EFBC}") = "YehorBahrii.TaskPlanner.DataAccess.Abstractions", "..\YehorBahrii.TaskPlanner.DataAccess.Abstractions\YehorBahrii.TaskPlanner.DataAccess.Abstractions.csproj", "{E5E630BE-60B6-0714-2607-847DF9B8B1F6}"
EndProject
Project("{FAE04EC0-301F-11D3-BF4B-00C04F79EFBC}") = "YehorBahrii.TaskPlanner.Domain.Logic", "..\YehorBahrii.TaskPlanner.Domain.Logic\YehorBahrii.TaskPlanner.Domain.Logic.csproj", "{B367BE95-0F7C-F508-4A82-243DFB598BC3}"
EndProject
Global
	GlobalSection(SolutionConfigurationPlatforms) = preSolution
		Debug|Any CPU = Debug|Any CPU
		Release|Any CPU = Release|Any CPU
	EndGlobalSection
	GlobalSection(ProjectConfigurationPlatforms) = postSolution
		{852F749B-5897-4662-B9B5-B0AC14874F14}.Debug|Any CPU.ActiveCfg = Debug|Any CPU
		{852F749B-5897-4662-B9B5-B0AC14874F14}.Debug|Any CPU.Build.0 = Debug|Any CPU
		{852F749B-5897-4662-B9B5-B0AC14874F14}.Release|Any CPU.ActiveCfg = Release|Any CPU
		{852F749B-5897-4662-B9B5-B0AC14874F14}.Release|Any CPU.Build.0 = Release|Any CPU
		{3EBC1E76-A998-12B7-699C-5468B387DE04}.Debug|Any CPU.ActiveCfg = Debug|Any CPU
		{3EBC1E76-A998-12B7-699C-5468B387DE04}.Debug|Any CPU.Build.0 = Debug|Any CPU
		{3EBC1E76-A998-12B7-699C-5468B387DE04}.Release|Any CPU.ActiveCfg = Release|Any CPU
		{3EBC1E76-A998-12B7-699C-5468B387DE04}.Release|Any CPU.Build.0 = Release|Any CPU
		{21D48003-6D65-985F-7C94-5DB802D7F78E}.Debug|Any CPU.ActiveCfg = Debug|Any CPU
		{21D48003-6D65-985F-7C94-5DB802D7F78E}.Debug|Any CPU.Build.0 = Debug|Any CPU
		{21D48003-6D65-985F-7C94-5DB802D7F78E}.Release|Any CPU.ActiveCfg = Release|Any CPU
		{21D48003-6D65-985F-7C94-5DB802D7F78E}.Release|Any CPU.Build.0 = Release|Any CPU
		{E5E630BE-60B6-0714-2607-847DF9B8B1F6}.Debug|Any CPU.ActiveCfg = Debug|Any CPU
		{E5E630BE-60B6-0714-2607-847DF9B8B1F6}.Debug|Any CPU.Build.0 = Debug|Any CPU
		{E5E630BE-60B6-0714-2607-847DF9B8B1F6}.Release|Any CPU.ActiveCfg = Release|Any CPU
		{E5E630BE-60B6-0714-2607-847DF9B8B1F6}.Release|Any CPU.Build.0 = Release|Any CPU
		{B367BE95-0F7C-F508-4A82-243DFB598BC3}.Debug|Any CPU.ActiveCfg = Debug|Any CPU
		{B367BE95-0F7C-F508-4A82-243DFB598BC3}.Debug|Any CPU.Build.0 = Debug|Any CPU
		{B367BE95-0F7C-F508-4A82-243DFB598BC3}.Release|Any CPU.ActiveCfg = Release|Any CPU
		{B367BE95-0F7C-F508-4A82-243DFB598BC3}.Release|Any CPU.Build.0 = Release|Any CPU
	EndGlobalSection
	GlobalSection(SolutionProperties) = preSolution
		HideSolutionNode = FALSE
	EndGlobalSection
	GlobalSection(ExtensibilityGlobals) = postSolution
		SolutionGuid = {F35813DD-2663-46D9-90AC-6B247D144E42}
	EndGlobalSection
EndGlobal
