
Microsoft Visual Studio Solution File, Format Version 12.00
# Visual Studio Version 17
VisualStudioVersion = 17.14.36717.8
MinimumVisualStudioVersion = 10.0.40219.1
Project("{FAE04EC0-301F-11D3-BF4B-00C04F79EFBC}") = "YehorBahrii.TaskPlanner.DataAccess.Abstractions", "YehorBahrii.TaskPlanner.DataAccess.Abstractions.csproj", "{7467895B-240D-4AC0-A866-2F2EB33856FD}"
EndProject
Project("{FAE04EC0-301F-11D3-BF4B-00C04F79EFBC}") = "YehorBahrii.TaskPlanner.Domain.Models", "..\YehorBahrii.TaskPlanner.Domain.Models\YehorBahrii.TaskPlanner.Domain.Models.csproj", "{21D48003-6D65-985F-7C94-5DB802D7F78E}"
EndProject
Global
	GlobalSection(SolutionConfigurationPlatforms) = preSolution
		Debug|Any CPU = Debug|Any CPU
		Release|Any CPU = Release|Any CPU
	EndGlobalSection
	GlobalSection(ProjectConfigurationPlatforms) = postSolution
		{7467895B-240D-4AC0-A866-2F2EB33856FD}.Debug|Any CPU.ActiveCfg = Debug|Any CPU
		{7467895B-240D-4AC0-A866-2F2EB33856FD}.Debug|Any CPU.Build.0 = Debug|Any CPU
		{7467895B-240D-4AC0-A866-2F2EB33856FD}.Release|Any CPU.ActiveCfg = Release|Any CPU
		{7467895B-240D-4AC0-A866-2F2EB33856FD}.Release|Any CPU.Build.0 = Release|Any CPU
		{21D48003-6D65-985F-7C94-5DB802D7F78E}.Debug|Any CPU.ActiveCfg = Debug|Any CPU
		{21D48003-6D65-985F-7C94-5DB802D7F78E}.Debug|Any CPU.Build.0 = Debug|Any CPU
		{21D48003-6D65-985F-7C94-5DB802D7F78E}.Release|Any CPU.ActiveCfg = Release|Any CPU
		{21D48003-6D65-985F-7C94-5DB802D7F78E}.Release|Any CPU.Build.0 = Release|Any CPU
	EndGlobalSection
	GlobalSection(SolutionProperties) = preSolution
		HideSolutionNode = FALSE
	EndGlobalSection
	GlobalSection(ExtensibilityGlobals) = postSolution
		SolutionGuid = {DBCDE327-EA14-4476-9887-80FD3A27B7E6}
	EndGlobalSection
EndGlobal
